
Microsoft Visual Studio Solution File, Format Version 12.00
# Visual Studio Version 17
VisualStudioVersion = 17.3.32825.248
MinimumVisualStudioVersion = 10.0.40219.1
Project("{9A19103F-16F7-4668-BE54-9A1E7A4F7556}") = "Lab07(Reflection)", "Lab07(Reflection)\Lab07(Reflection).csproj", "{E96F1545-B5CD-4A90-8187-43B91870B65A}"
EndProject
Project("{9A19103F-16F7-4668-BE54-9A1E7A4F7556}") = "Animals", "Animals\Animals.csproj", "{45640043-F0B5-423F-86AC-52D106142F6B}"
EndProject
Project("{FAE04EC0-301F-11D3-BF4B-00C04F79EFBC}") = "GenerateXML", "GenerateXML\GenerateXML.csproj", "{B4BFEA6E-94E6-4BAE-8DE2-C2DF8BE567BF}"
EndProject
Global
	GlobalSection(SolutionConfigurationPlatforms) = preSolution
		Debug|Any CPU = Debug|Any CPU
		Release|Any CPU = Release|Any CPU
	EndGlobalSection
	GlobalSection(ProjectConfigurationPlatforms) = postSolution
		{E96F1545-B5CD-4A90-8187-43B91870B65A}.Debug|Any CPU.ActiveCfg = Debug|Any CPU
		{E96F1545-B5CD-4A90-8187-43B91870B65A}.Debug|Any CPU.Build.0 = Debug|Any CPU
		{E96F1545-B5CD-4A90-8187-43B91870B65A}.Release|Any CPU.ActiveCfg = Release|Any CPU
		{E96F1545-B5CD-4A90-8187-43B91870B65A}.Release|Any CPU.Build.0 = Release|Any CPU
		{45640043-F0B5-423F-86AC-52D106142F6B}.Debug|Any CPU.ActiveCfg = Debug|Any CPU
		{45640043-F0B5-423F-86AC-52D106142F6B}.Debug|Any CPU.Build.0 = Debug|Any CPU
		{45640043-F0B5-423F-86AC-52D106142F6B}.Release|Any CPU.ActiveCfg = Release|Any CPU
		{45640043-F0B5-423F-86AC-52D106142F6B}.Release|Any CPU.Build.0 = Release|Any CPU
		{B4BFEA6E-94E6-4BAE-8DE2-C2DF8BE567BF}.Debug|Any CPU.ActiveCfg = Debug|Any CPU
		{B4BFEA6E-94E6-4BAE-8DE2-C2DF8BE567BF}.Debug|Any CPU.Build.0 = Debug|Any CPU
		{B4BFEA6E-94E6-4BAE-8DE2-C2DF8BE567BF}.Release|Any CPU.ActiveCfg = Release|Any CPU
		{B4BFEA6E-94E6-4BAE-8DE2-C2DF8BE567BF}.Release|Any CPU.Build.0 = Release|Any CPU
	EndGlobalSection
	GlobalSection(SolutionProperties) = preSolution
		HideSolutionNode = FALSE
	EndGlobalSection
	GlobalSection(ExtensibilityGlobals) = postSolution
		SolutionGuid = {1ADFEBD1-C54E-47DB-8007-E3BA2EF78E47}
	EndGlobalSection
EndGlobal
